
Microsoft Visual Studio Solution File, Format Version 12.00
# Visual Studio Version 17
VisualStudioVersion = 17.1.32210.238
MinimumVisualStudioVersion = 10.0.40219.1
Project("{FAE04EC0-301F-11D3-BF4B-00C04F79EFBC}") = "Boboiboy", "Boboiboy.csproj", "{94BB2204-7F7F-4BC0-AC3A-85B03A4BEEF0}"
EndProject
Global
	GlobalSection(SolutionConfigurationPlatforms) = preSolution
		Debug|Any CPU = Debug|Any CPU
		Release|Any CPU = Release|Any CPU
	EndGlobalSection
	GlobalSection(ProjectConfigurationPlatforms) = postSolution
		{94BB2204-7F7F-4BC0-AC3A-85B03A4BEEF0}.Debug|Any CPU.ActiveCfg = Debug|Any CPU
		{94BB2204-7F7F-4BC0-AC3A-85B03A4BEEF0}.Debug|Any CPU.Build.0 = Debug|Any CPU
		{94BB2204-7F7F-4BC0-AC3A-85B03A4BEEF0}.Release|Any CPU.ActiveCfg = Release|Any CPU
		{94BB2204-7F7F-4BC0-AC3A-85B03A4BEEF0}.Release|Any CPU.Build.0 = Release|Any CPU
	EndGlobalSection
	GlobalSection(SolutionProperties) = preSolution
		HideSolutionNode = FALSE
	EndGlobalSection
	GlobalSection(ExtensibilityGlobals) = postSolution
		SolutionGuid = {0FC28FB7-B56E-40A8-BACF-2E7F5E8F2405}
	EndGlobalSection
EndGlobal
